
Microsoft Visual Studio Solution File, Format Version 12.00
# Visual Studio Version 17
VisualStudioVersion = 17.2.32616.157
MinimumVisualStudioVersion = 10.0.40219.1
Project("{FAE04EC0-301F-11D3-BF4B-00C04F79EFBC}") = "csharp-snacks-1", "csharp-snacks-1.csproj", "{877B77F1-86BB-439E-AD7C-D4FD00F8FD01}"
EndProject
Global
	GlobalSection(SolutionConfigurationPlatforms) = preSolution
		Debug|Any CPU = Debug|Any CPU
		Release|Any CPU = Release|Any CPU
	EndGlobalSection
	GlobalSection(ProjectConfigurationPlatforms) = postSolution
		{877B77F1-86BB-439E-AD7C-D4FD00F8FD01}.Debug|Any CPU.ActiveCfg = Debug|Any CPU
		{877B77F1-86BB-439E-AD7C-D4FD00F8FD01}.Debug|Any CPU.Build.0 = Debug|Any CPU
		{877B77F1-86BB-439E-AD7C-D4FD00F8FD01}.Release|Any CPU.ActiveCfg = Release|Any CPU
		{877B77F1-86BB-439E-AD7C-D4FD00F8FD01}.Release|Any CPU.Build.0 = Release|Any CPU
	EndGlobalSection
	GlobalSection(SolutionProperties) = preSolution
		HideSolutionNode = FALSE
	EndGlobalSection
	GlobalSection(ExtensibilityGlobals) = postSolution
		SolutionGuid = {1EBB6D67-A10D-4EA3-8F11-54879AF09876}
	EndGlobalSection
EndGlobal
